
Microsoft Visual Studio Solution File, Format Version 12.00
# Visual Studio Version 17
VisualStudioVersion = 17.13.35931.197
MinimumVisualStudioVersion = 10.0.40219.1
Project("{FAE04EC0-301F-11D3-BF4B-00C04F79EFBC}") = "OnLineShop2026", "OnLineShop2026\OnLineShop2026.csproj", "{84AD5495-AA27-4362-B449-C9E77EFF8A4C}"
EndProject
Project("{FAE04EC0-301F-11D3-BF4B-00C04F79EFBC}") = "Onlineshopp.DB", "Onlineshopp.DB\Onlineshopp.DB.csproj", "{BAD43644-F7A7-43C6-B4C2-96ED126FE1DB}"
EndProject
Global
	GlobalSection(SolutionConfigurationPlatforms) = preSolution
		Debug|Any CPU = Debug|Any CPU
		Release|Any CPU = Release|Any CPU
	EndGlobalSection
	GlobalSection(ProjectConfigurationPlatforms) = postSolution
		{84AD5495-AA27-4362-B449-C9E77EFF8A4C}.Debug|Any CPU.ActiveCfg = Debug|Any CPU
		{84AD5495-AA27-4362-B449-C9E77EFF8A4C}.Debug|Any CPU.Build.0 = Debug|Any CPU
		{84AD5495-AA27-4362-B449-C9E77EFF8A4C}.Release|Any CPU.ActiveCfg = Release|Any CPU
		{84AD5495-AA27-4362-B449-C9E77EFF8A4C}.Release|Any CPU.Build.0 = Release|Any CPU
		{BAD43644-F7A7-43C6-B4C2-96ED126FE1DB}.Debug|Any CPU.ActiveCfg = Debug|Any CPU
		{BAD43644-F7A7-43C6-B4C2-96ED126FE1DB}.Debug|Any CPU.Build.0 = Debug|Any CPU
		{BAD43644-F7A7-43C6-B4C2-96ED126FE1DB}.Release|Any CPU.ActiveCfg = Release|Any CPU
		{BAD43644-F7A7-43C6-B4C2-96ED126FE1DB}.Release|Any CPU.Build.0 = Release|Any CPU
	EndGlobalSection
	GlobalSection(SolutionProperties) = preSolution
		HideSolutionNode = FALSE
	EndGlobalSection
	GlobalSection(ExtensibilityGlobals) = postSolution
		SolutionGuid = {1B0B1976-F67C-4CB1-8903-CE54E83DB782}
	EndGlobalSection
EndGlobal
